
Microsoft Visual Studio Solution File, Format Version 12.00
# Visual Studio 2015
Project("{FAE04EC0-301F-11D3-BF4B-00C04F79EFBC}") = "201531012.CSharp", "201531012.CSharp.csproj", "{F3F1CD70-5F7F-62BB-4809-EACBC4F5042C}"
EndProject
Global
	GlobalSection(SolutionConfigurationPlatforms) = preSolution
		Debug|Any CPU = Debug|Any CPU
		Release|Any CPU = Release|Any CPU
	EndGlobalSection
	GlobalSection(ProjectConfigurationPlatforms) = postSolution
		{F3F1CD70-5F7F-62BB-4809-EACBC4F5042C}.Debug|Any CPU.ActiveCfg = Debug|Any CPU
		{F3F1CD70-5F7F-62BB-4809-EACBC4F5042C}.Debug|Any CPU.Build.0 = Debug|Any CPU
		{F3F1CD70-5F7F-62BB-4809-EACBC4F5042C}.Release|Any CPU.ActiveCfg = Release|Any CPU
		{F3F1CD70-5F7F-62BB-4809-EACBC4F5042C}.Release|Any CPU.Build.0 = Release|Any CPU
	EndGlobalSection
	GlobalSection(SolutionProperties) = preSolution
		HideSolutionNode = FALSE
	EndGlobalSection
EndGlobal
